
Microsoft Visual Studio Solution File, Format Version 12.00
# Visual Studio Version 16
VisualStudioVersion = 16.0.29519.87
MinimumVisualStudioVersion = 10.0.40219.1
Project("{FAE04EC0-301F-11D3-BF4B-00C04F79EFBC}") = "FiscalFacil", "FiscalFacil\FiscalFacil\FiscalFacil.csproj", "{F02FDC21-EF33-4223-80B6-33A081A98536}"
EndProject
Project("{FAE04EC0-301F-11D3-BF4B-00C04F79EFBC}") = "FiscalFacil.Android", "FiscalFacil\FiscalFacil.Android\FiscalFacil.Android.csproj", "{51F4D5C1-827F-443E-81C5-C7146ACA1F64}"
EndProject
Project("{FAE04EC0-301F-11D3-BF4B-00C04F79EFBC}") = "FiscalFacil.iOS", "FiscalFacil\FiscalFacil.iOS\FiscalFacil.iOS.csproj", "{68485036-4DCD-46CD-95C7-1546253A23CB}"
EndProject
Global
	GlobalSection(SolutionConfigurationPlatforms) = preSolution
		Ad-Hoc|Any CPU = Ad-Hoc|Any CPU
		Ad-Hoc|iPhone = Ad-Hoc|iPhone
		Ad-Hoc|iPhoneSimulator = Ad-Hoc|iPhoneSimulator
		AppStore|Any CPU = AppStore|Any CPU
		AppStore|iPhone = AppStore|iPhone
		AppStore|iPhoneSimulator = AppStore|iPhoneSimulator
		Debug|Any CPU = Debug|Any CPU
		Debug|iPhone = Debug|iPhone
		Debug|iPhoneSimulator = Debug|iPhoneSimulator
		Release|Any CPU = Release|Any CPU
		Release|iPhone = Release|iPhone
		Release|iPhoneSimulator = Release|iPhoneSimulator
	EndGlobalSection
	GlobalSection(ProjectConfigurationPlatforms) = postSolution
		{F02FDC21-EF33-4223-80B6-33A081A98536}.Ad-Hoc|Any CPU.ActiveCfg = Debug|Any CPU
		{F02FDC21-EF33-4223-80B6-33A081A98536}.Ad-Hoc|Any CPU.Build.0 = Debug|Any CPU
		{F02FDC21-EF33-4223-80B6-33A081A98536}.Ad-Hoc|iPhone.ActiveCfg = Debug|Any CPU
		{F02FDC21-EF33-4223-80B6-33A081A98536}.Ad-Hoc|iPhone.Build.0 = Debug|Any CPU
		{F02FDC21-EF33-4223-80B6-33A081A98536}.Ad-Hoc|iPhoneSimulator.ActiveCfg = Debug|Any CPU
		{F02FDC21-EF33-4223-80B6-33A081A98536}.Ad-Hoc|iPhoneSimulator.Build.0 = Debug|Any CPU
		{F02FDC21-EF33-4223-80B6-33A081A98536}.AppStore|Any CPU.ActiveCfg = Debug|Any CPU
		{F02FDC21-EF33-4223-80B6-33A081A98536}.AppStore|Any CPU.Build.0 = Debug|Any CPU
		{F02FDC21-EF33-4223-80B6-33A081A98536}.AppStore|iPhone.ActiveCfg = Debug|Any CPU
		{F02FDC21-EF33-4223-80B6-33A081A98536}.AppStore|iPhone.Build.0 = Debug|Any CPU
		{F02FDC21-EF33-4223-80B6-33A081A98536}.AppStore|iPhoneSimulator.ActiveCfg = Debug|Any CPU
		{F02FDC21-EF33-4223-80B6-33A081A98536}.AppStore|iPhoneSimulator.Build.0 = Debug|Any CPU
		{F02FDC21-EF33-4223-80B6-33A081A98536}.Debug|Any CPU.ActiveCfg = Debug|Any CPU
		{F02FDC21-EF33-4223-80B6-33A081A98536}.Debug|Any CPU.Build.0 = Debug|Any CPU
		{F02FDC21-EF33-4223-80B6-33A081A98536}.Debug|iPhone.ActiveCfg = Debug|Any CPU
		{F02FDC21-EF33-4223-80B6-33A081A98536}.Debug|iPhone.Build.0 = Debug|Any CPU
		{F02FDC21-EF33-4223-80B6-33A081A98536}.Debug|iPhoneSimulator.ActiveCfg = Debug|Any CPU
		{F02FDC21-EF33-4223-80B6-33A081A98536}.Debug|iPhoneSimulator.Build.0 = Debug|Any CPU
		{F02FDC21-EF33-4223-80B6-33A081A98536}.Release|Any CPU.ActiveCfg = Release|Any CPU
		{F02FDC21-EF33-4223-80B6-33A081A98536}.Release|Any CPU.Build.0 = Release|Any CPU
		{F02FDC21-EF33-4223-80B6-33A081A98536}.Release|iPhone.ActiveCfg = Release|Any CPU
		{F02FDC21-EF33-4223-80B6-33A081A98536}.Release|iPhone.Build.0 = Release|Any CPU
		{F02FDC21-EF33-4223-80B6-33A081A98536}.Release|iPhoneSimulator.ActiveCfg = Release|Any CPU
		{F02FDC21-EF33-4223-80B6-33A081A98536}.Release|iPhoneSimulator.Build.0 = Release|Any CPU
		{51F4D5C1-827F-443E-81C5-C7146ACA1F64}.Ad-Hoc|Any CPU.ActiveCfg = Release|Any CPU
		{51F4D5C1-827F-443E-81C5-C7146ACA1F64}.Ad-Hoc|Any CPU.Build.0 = Release|Any CPU
		{51F4D5C1-827F-443E-81C5-C7146ACA1F64}.Ad-Hoc|Any CPU.Deploy.0 = Release|Any CPU
		{51F4D5C1-827F-443E-81C5-C7146ACA1F64}.Ad-Hoc|iPhone.ActiveCfg = Release|Any CPU
		{51F4D5C1-827F-443E-81C5-C7146ACA1F64}.Ad-Hoc|iPhone.Build.0 = Release|Any CPU
		{51F4D5C1-827F-443E-81C5-C7146ACA1F64}.Ad-Hoc|iPhone.Deploy.0 = Release|Any CPU
		{51F4D5C1-827F-443E-81C5-C7146ACA1F64}.Ad-Hoc|iPhoneSimulator.ActiveCfg = Release|Any CPU
		{51F4D5C1-827F-443E-81C5-C7146ACA1F64}.Ad-Hoc|iPhoneSimulator.Build.0 = Release|Any CPU
		{51F4D5C1-827F-443E-81C5-C7146ACA1F64}.Ad-Hoc|iPhoneSimulator.Deploy.0 = Release|Any CPU
		{51F4D5C1-827F-443E-81C5-C7146ACA1F64}.AppStore|Any CPU.ActiveCfg = Release|Any CPU
		{51F4D5C1-827F-443E-81C5-C7146ACA1F64}.AppStore|Any CPU.Build.0 = Release|Any CPU
		{51F4D5C1-827F-443E-81C5-C7146ACA1F64}.AppStore|Any CPU.Deploy.0 = Release|Any CPU
		{51F4D5C1-827F-443E-81C5-C7146ACA1F64}.AppStore|iPhone.ActiveCfg = Release|Any CPU
		{51F4D5C1-827F-443E-81C5-C7146ACA1F64}.AppStore|iPhone.Build.0 = Release|Any CPU
		{51F4D5C1-827F-443E-81C5-C7146ACA1F64}.AppStore|iPhone.Deploy.0 = Release|Any CPU
		{51F4D5C1-827F-443E-81C5-C7146ACA1F64}.AppStore|iPhoneSimulator.ActiveCfg = Release|Any CPU
		{51F4D5C1-827F-443E-81C5-C7146ACA1F64}.AppStore|iPhoneSimulator.Build.0 = Release|Any CPU
		{51F4D5C1-827F-443E-81C5-C7146ACA1F64}.AppStore|iPhoneSimulator.Deploy.0 = Release|Any CPU
		{51F4D5C1-827F-443E-81C5-C7146ACA1F64}.Debug|Any CPU.ActiveCfg = Debug|Any CPU
		{51F4D5C1-827F-443E-81C5-C7146ACA1F64}.Debug|Any CPU.Build.0 = Debug|Any CPU
		{51F4D5C1-827F-443E-81C5-C7146ACA1F64}.Debug|Any CPU.Deploy.0 = Debug|Any CPU
		{51F4D5C1-827F-443E-81C5-C7146ACA1F64}.Debug|iPhone.ActiveCfg = Debug|Any CPU
		{51F4D5C1-827F-443E-81C5-C7146ACA1F64}.Debug|iPhone.Build.0 = Debug|Any CPU
		{51F4D5C1-827F-443E-81C5-C7146ACA1F64}.Debug|iPhone.Deploy.0 = Debug|Any CPU
		{51F4D5C1-827F-443E-81C5-C7146ACA1F64}.Debug|iPhoneSimulator.ActiveCfg = Debug|Any CPU
		{51F4D5C1-827F-443E-81C5-C7146ACA1F64}.Debug|iPhoneSimulator.Build.0 = Debug|Any CPU
		{51F4D5C1-827F-443E-81C5-C7146ACA1F64}.Debug|iPhoneSimulator.Deploy.0 = Debug|Any CPU
		{51F4D5C1-827F-443E-81C5-C7146ACA1F64}.Release|Any CPU.ActiveCfg = Release|Any CPU
		{51F4D5C1-827F-443E-81C5-C7146ACA1F64}.Release|Any CPU.Build.0 = Release|Any CPU
		{51F4D5C1-827F-443E-81C5-C7146ACA1F64}.Release|Any CPU.Deploy.0 = Release|Any CPU
		{51F4D5C1-827F-443E-81C5-C7146ACA1F64}.Release|iPhone.ActiveCfg = Release|Any CPU
		{51F4D5C1-827F-443E-81C5-C7146ACA1F64}.Release|iPhone.Build.0 = Release|Any CPU
		{51F4D5C1-827F-443E-81C5-C7146ACA1F64}.Release|iPhone.Deploy.0 = Release|Any CPU
		{51F4D5C1-827F-443E-81C5-C7146ACA1F64}.Release|iPhoneSimulator.ActiveCfg = Release|Any CPU
		{51F4D5C1-827F-443E-81C5-C7146ACA1F64}.Release|iPhoneSimulator.Build.0 = Release|Any CPU
		{51F4D5C1-827F-443E-81C5-C7146ACA1F64}.Release|iPhoneSimulator.Deploy.0 = Release|Any CPU
		{68485036-4DCD-46CD-95C7-1546253A23CB}.Ad-Hoc|Any CPU.ActiveCfg = Ad-Hoc|iPhone
		{68485036-4DCD-46CD-95C7-1546253A23CB}.Ad-Hoc|iPhone.ActiveCfg = Ad-Hoc|iPhone
		{68485036-4DCD-46CD-95C7-1546253A23CB}.Ad-Hoc|iPhone.Build.0 = Ad-Hoc|iPhone
		{68485036-4DCD-46CD-95C7-1546253A23CB}.Ad-Hoc|iPhoneSimulator.ActiveCfg = Ad-Hoc|iPhoneSimulator
		{68485036-4DCD-46CD-95C7-1546253A23CB}.Ad-Hoc|iPhoneSimulator.Build.0 = Ad-Hoc|iPhoneSimulator
		{68485036-4DCD-46CD-95C7-1546253A23CB}.AppStore|Any CPU.ActiveCfg = AppStore|iPhone
		{68485036-4DCD-46CD-95C7-1546253A23CB}.AppStore|iPhone.ActiveCfg = AppStore|iPhone
		{68485036-4DCD-46CD-95C7-1546253A23CB}.AppStore|iPhone.Build.0 = AppStore|iPhone
		{68485036-4DCD-46CD-95C7-1546253A23CB}.AppStore|iPhoneSimulator.ActiveCfg = AppStore|iPhoneSimulator
		{68485036-4DCD-46CD-95C7-1546253A23CB}.AppStore|iPhoneSimulator.Build.0 = AppStore|iPhoneSimulator
		{68485036-4DCD-46CD-95C7-1546253A23CB}.Debug|Any CPU.ActiveCfg = Debug|iPhone
		{68485036-4DCD-46CD-95C7-1546253A23CB}.Debug|iPhone.ActiveCfg = Debug|iPhone
		{68485036-4DCD-46CD-95C7-1546253A23CB}.Debug|iPhone.Build.0 = Debug|iPhone
		{68485036-4DCD-46CD-95C7-1546253A23CB}.Debug|iPhoneSimulator.ActiveCfg = Debug|iPhoneSimulator
		{68485036-4DCD-46CD-95C7-1546253A23CB}.Debug|iPhoneSimulator.Build.0 = Debug|iPhoneSimulator
		{68485036-4DCD-46CD-95C7-1546253A23CB}.Release|Any CPU.ActiveCfg = Release|iPhone
		{68485036-4DCD-46CD-95C7-1546253A23CB}.Release|iPhone.ActiveCfg = Release|iPhone
		{68485036-4DCD-46CD-95C7-1546253A23CB}.Release|iPhone.Build.0 = Release|iPhone
		{68485036-4DCD-46CD-95C7-1546253A23CB}.Release|iPhoneSimulator.ActiveCfg = Release|iPhoneSimulator
		{68485036-4DCD-46CD-95C7-1546253A23CB}.Release|iPhoneSimulator.Build.0 = Release|iPhoneSimulator
	EndGlobalSection
	GlobalSection(SolutionProperties) = preSolution
		HideSolutionNode = FALSE
	EndGlobalSection
	GlobalSection(ExtensibilityGlobals) = postSolution
		SolutionGuid = {35F80E31-075B-4408-9E28-CD3E1084C177}
	EndGlobalSection
EndGlobal
